
Microsoft Visual Studio Solution File, Format Version 12.00
# Visual Studio Version 16
VisualStudioVersion = 16.0.29509.3
MinimumVisualStudioVersion = 10.0.40219.1
Project("{FAE04EC0-301F-11D3-BF4B-00C04F79EFBC}") = "FLORICULTURA", "FLORICULTURA\FLORICULTURA.csproj", "{39EACEB7-F7A6-4247-AEDF-698111D798CF}"
EndProject
Global
	GlobalSection(SolutionConfigurationPlatforms) = preSolution
		Debug|Any CPU = Debug|Any CPU
		Release|Any CPU = Release|Any CPU
	EndGlobalSection
	GlobalSection(ProjectConfigurationPlatforms) = postSolution
		{39EACEB7-F7A6-4247-AEDF-698111D798CF}.Debug|Any CPU.ActiveCfg = Debug|Any CPU
		{39EACEB7-F7A6-4247-AEDF-698111D798CF}.Debug|Any CPU.Build.0 = Debug|Any CPU
		{39EACEB7-F7A6-4247-AEDF-698111D798CF}.Release|Any CPU.ActiveCfg = Release|Any CPU
		{39EACEB7-F7A6-4247-AEDF-698111D798CF}.Release|Any CPU.Build.0 = Release|Any CPU
	EndGlobalSection
	GlobalSection(SolutionProperties) = preSolution
		HideSolutionNode = FALSE
	EndGlobalSection
	GlobalSection(ExtensibilityGlobals) = postSolution
		SolutionGuid = {2C361310-F30C-4D92-9456-D21E7A675925}
	EndGlobalSection
EndGlobal
